
Microsoft Visual Studio Solution File, Format Version 12.00
# Visual Studio Version 17
VisualStudioVersion = 17.14.36327.8 d17.14
MinimumVisualStudioVersion = 10.0.40219.1
Project("{FAE04EC0-301F-11D3-BF4B-00C04F79EFBC}") = "WebBanPizza", "WebBanPizza\WebBanPizza.csproj", "{42F822E5-F135-4A3A-A9C8-862F50695995}"
EndProject
Global
	GlobalSection(SolutionConfigurationPlatforms) = preSolution
		Debug|Any CPU = Debug|Any CPU
		Release|Any CPU = Release|Any CPU
	EndGlobalSection
	GlobalSection(ProjectConfigurationPlatforms) = postSolution
		{42F822E5-F135-4A3A-A9C8-862F50695995}.Debug|Any CPU.ActiveCfg = Debug|Any CPU
		{42F822E5-F135-4A3A-A9C8-862F50695995}.Debug|Any CPU.Build.0 = Debug|Any CPU
		{42F822E5-F135-4A3A-A9C8-862F50695995}.Release|Any CPU.ActiveCfg = Release|Any CPU
		{42F822E5-F135-4A3A-A9C8-862F50695995}.Release|Any CPU.Build.0 = Release|Any CPU
	EndGlobalSection
	GlobalSection(SolutionProperties) = preSolution
		HideSolutionNode = FALSE
	EndGlobalSection
	GlobalSection(ExtensibilityGlobals) = postSolution
		SolutionGuid = {54E7FDC0-A415-4D0C-B227-95E6C40D78E7}
	EndGlobalSection
EndGlobal
